
Microsoft Visual Studio Solution File, Format Version 12.00
# Visual Studio 2012
Project("{FAE04EC0-301F-11D3-BF4B-00C04F79EFBC}") = "DQ.BMPWGT.SVR", "DQ.BMPWGT.SVR\DQ.BMPWGT.SVR.csproj", "{02E0398B-802E-4485-8FEB-9C2D0D30C3FA}"
EndProject
Project("{FAE04EC0-301F-11D3-BF4B-00C04F79EFBC}") = "DQ.BMPWGT.CLT", "DQ.BMPWGT.CLT\DQ.BMPWGT.CLT.csproj", "{24E0DF1A-8611-4530-90A0-947E29B6ECCD}"
EndProject
Project("{FAE04EC0-301F-11D3-BF4B-00C04F79EFBC}") = "DQ.BMPWGT.Common", "DQ.BMPWGT.Common\DQ.BMPWGT.Common.csproj", "{F5B46624-4B53-4CF7-9C1C-4807F1A28143}"
EndProject
Project("{FAE04EC0-301F-11D3-BF4B-00C04F79EFBC}") = "DQ.BMPWGT.TEST", "DQ.BMPWGT.TEST\DQ.BMPWGT.TEST.csproj", "{5E23665B-B6C3-4E57-8565-7F5915FEC830}"
EndProject
Global
	GlobalSection(SolutionConfigurationPlatforms) = preSolution
		Debug|Any CPU = Debug|Any CPU
		Release|Any CPU = Release|Any CPU
	EndGlobalSection
	GlobalSection(ProjectConfigurationPlatforms) = postSolution
		{02E0398B-802E-4485-8FEB-9C2D0D30C3FA}.Debug|Any CPU.ActiveCfg = Debug|Any CPU
		{02E0398B-802E-4485-8FEB-9C2D0D30C3FA}.Debug|Any CPU.Build.0 = Debug|Any CPU
		{02E0398B-802E-4485-8FEB-9C2D0D30C3FA}.Release|Any CPU.ActiveCfg = Release|Any CPU
		{02E0398B-802E-4485-8FEB-9C2D0D30C3FA}.Release|Any CPU.Build.0 = Release|Any CPU
		{24E0DF1A-8611-4530-90A0-947E29B6ECCD}.Debug|Any CPU.ActiveCfg = Debug|Any CPU
		{24E0DF1A-8611-4530-90A0-947E29B6ECCD}.Debug|Any CPU.Build.0 = Debug|Any CPU
		{24E0DF1A-8611-4530-90A0-947E29B6ECCD}.Release|Any CPU.ActiveCfg = Release|Any CPU
		{24E0DF1A-8611-4530-90A0-947E29B6ECCD}.Release|Any CPU.Build.0 = Release|Any CPU
		{F5B46624-4B53-4CF7-9C1C-4807F1A28143}.Debug|Any CPU.ActiveCfg = Debug|Any CPU
		{F5B46624-4B53-4CF7-9C1C-4807F1A28143}.Debug|Any CPU.Build.0 = Debug|Any CPU
		{F5B46624-4B53-4CF7-9C1C-4807F1A28143}.Release|Any CPU.ActiveCfg = Release|Any CPU
		{F5B46624-4B53-4CF7-9C1C-4807F1A28143}.Release|Any CPU.Build.0 = Release|Any CPU
		{5E23665B-B6C3-4E57-8565-7F5915FEC830}.Debug|Any CPU.ActiveCfg = Debug|Any CPU
		{5E23665B-B6C3-4E57-8565-7F5915FEC830}.Debug|Any CPU.Build.0 = Debug|Any CPU
		{5E23665B-B6C3-4E57-8565-7F5915FEC830}.Release|Any CPU.ActiveCfg = Release|Any CPU
		{5E23665B-B6C3-4E57-8565-7F5915FEC830}.Release|Any CPU.Build.0 = Release|Any CPU
	EndGlobalSection
	GlobalSection(SolutionProperties) = preSolution
		HideSolutionNode = FALSE
	EndGlobalSection
EndGlobal
